{
    "version": 3,
    "terraform_version": "0.7.3",
    "serial": 2,
    "lineage": "7eea928d-8c66-4833-b4e8-0a0ed355aa7d",
    "modules": [
        {
            "path": [
                "root"
            ],
            "outputs": {
                "service_elb_ip": {
                    "sensitive": false,
                    "type": "string",
                    "value": "tf-lb-20161027072039369886004flq-1641049199.us-east-1.elb.amazonaws.com"
                }
            },
            "resources": {
                "aws_autoscaling_group.ecs": {
                    "type": "aws_autoscaling_group",
                    "depends_on": [
                        "aws_ecs_cluster.iaas",
                        "aws_launch_configuration.ecs"
                    ],
                    "primary": {
                        "id": "ECS IAAS_DEV",
                        "attributes": {
                            "arn": "arn:aws:autoscaling:us-east-1:896538046175:autoScalingGroup:88198761-ecc9-47dd-ae97-099e304f49a5:autoScalingGroupName/ECS IAAS_DEV",
                            "availability_zones.#": "1",
                            "availability_zones.2762590996": "us-east-1d",
                            "default_cooldown": "300",
                            "desired_capacity": "2",
                            "force_delete": "false",
                            "health_check_grace_period": "600",
                            "health_check_type": "EC2",
                            "id": "ECS IAAS_DEV",
                            "launch_configuration": "ECS IAAS_DEV",
                            "load_balancers.#": "0",
                            "max_size": "2",
                            "metrics_granularity": "1Minute",
                            "min_size": "2",
                            "name": "ECS IAAS_DEV",
                            "placement_group": "",
                            "protect_from_scale_in": "false",
                            "tag.#": "1",
                            "tag.2122865267.key": "Name",
                            "tag.2122865267.propagate_at_launch": "true",
                            "tag.2122865267.value": "ECS IAAS_DEV",
                            "target_group_arns.#": "0",
                            "termination_policies.#": "0",
                            "vpc_zone_identifier.#": "1",
                            "vpc_zone_identifier.3500883870": "subnet-c5fefdb1",
                            "wait_for_capacity_timeout": "10m"
                        },
                        "meta": {},
                        "tainted": false
                    },
                    "deposed": [],
                    "provider": ""
                },
                "aws_ecs_cluster.iaas": {
                    "type": "aws_ecs_cluster",
                    "depends_on": [],
                    "primary": {
                        "id": "arn:aws:ecs:us-east-1:896538046175:cluster/IAAS_DEV",
                        "attributes": {
                            "id": "arn:aws:ecs:us-east-1:896538046175:cluster/IAAS_DEV",
                            "name": "IAAS_DEV"
                        },
                        "meta": {},
                        "tainted": false
                    },
                    "deposed": [],
                    "provider": ""
                },
                "aws_ecs_service.iaas": {
                    "type": "aws_ecs_service",
                    "depends_on": [
                        "aws_ecs_cluster.iaas",
                        "aws_ecs_task_definition.iaas",
                        "aws_ecs_task_definition.iaas",
                        "aws_elb.iaas"
                    ],
                    "primary": {
                        "id": "arn:aws:ecs:us-east-1:896538046175:service/IAAS_DEV",
                        "attributes": {
                            "cluster": "arn:aws:ecs:us-east-1:896538046175:cluster/IAAS_DEV",
                            "deployment_maximum_percent": "100",
                            "deployment_minimum_healthy_percent": "0",
                            "desired_count": "2",
                            "iam_role": "arn:aws:iam::896538046175:role/ecs_service_role",
                            "id": "arn:aws:ecs:us-east-1:896538046175:service/IAAS_DEV",
                            "load_balancer.#": "1",
                            "load_balancer.2232951256.container_name": "interpolation-as-a-service",
                            "load_balancer.2232951256.container_port": "7070",
                            "load_balancer.2232951256.elb_name": "tf-lb-20161027072039369886004flq",
                            "load_balancer.2232951256.target_group_arn": "",
                            "name": "IAAS_DEV",
                            "task_definition": "iaas_DEV:2"
                        },
                        "meta": {},
                        "tainted": false
                    },
                    "deposed": [],
                    "provider": ""
                },
                "aws_ecs_task_definition.iaas": {
                    "type": "aws_ecs_task_definition",
                    "depends_on": [
                        "data.template_file.ecs_iaas_task"
                    ],
                    "primary": {
                        "id": "iaas_DEV",
                        "attributes": {
                            "arn": "arn:aws:ecs:us-east-1:896538046175:task-definition/iaas_DEV:2",
                            "container_definitions": "b4cee20082f6b75fbaef97065f2bff06685738a0",
                            "family": "iaas_DEV",
                            "id": "iaas_DEV",
                            "network_mode": "",
                            "revision": "2",
                            "task_role_arn": ""
                        },
                        "meta": {},
                        "tainted": false
                    },
                    "deposed": [],
                    "provider": ""
                },
                "aws_elb.iaas": {
                    "type": "aws_elb",
                    "depends_on": [],
                    "primary": {
                        "id": "tf-lb-20161027072039369886004flq",
                        "attributes": {
                            "access_logs.#": "0",
                            "availability_zones.#": "1",
                            "availability_zones.2762590996": "us-east-1d",
                            "connection_draining": "false",
                            "connection_draining_timeout": "300",
                            "cross_zone_load_balancing": "false",
                            "dns_name": "tf-lb-20161027072039369886004flq-1641049199.us-east-1.elb.amazonaws.com",
                            "health_check.#": "1",
                            "health_check.0.healthy_threshold": "10",
                            "health_check.0.interval": "30",
                            "health_check.0.target": "TCP:80",
                            "health_check.0.timeout": "5",
                            "health_check.0.unhealthy_threshold": "2",
                            "id": "tf-lb-20161027072039369886004flq",
                            "idle_timeout": "3600",
                            "instances.#": "0",
                            "internal": "false",
                            "listener.#": "1",
                            "listener.3057123346.instance_port": "80",
                            "listener.3057123346.instance_protocol": "http",
                            "listener.3057123346.lb_port": "80",
                            "listener.3057123346.lb_protocol": "http",
                            "listener.3057123346.ssl_certificate_id": "",
                            "name": "tf-lb-20161027072039369886004flq",
                            "security_groups.#": "1",
                            "security_groups.1868997934": "sg-bc66a8d9",
                            "source_security_group": "896538046175/default",
                            "source_security_group_id": "sg-bc66a8d9",
                            "subnets.#": "1",
                            "subnets.3500883870": "subnet-c5fefdb1",
                            "tags.%": "1",
                            "tags.Name": "IAAS DEV",
                            "zone_id": "Z35SXDOTRQ7X7K"
                        },
                        "meta": {},
                        "tainted": false
                    },
                    "deposed": [],
                    "provider": ""
                },
                "aws_launch_configuration.ecs": {
                    "type": "aws_launch_configuration",
                    "depends_on": [
                        "aws_ecs_cluster.iaas"
                    ],
                    "primary": {
                        "id": "ECS IAAS_DEV",
                        "attributes": {
                            "associate_public_ip_address": "true",
                            "ebs_block_device.#": "0",
                            "ebs_optimized": "false",
                            "enable_monitoring": "true",
                            "ephemeral_block_device.#": "0",
                            "iam_instance_profile": "arn:aws:iam::896538046175:instance-profile/terraform-wzxkyowirnachcosiqxrriheki",
                            "id": "ECS IAAS_DEV",
                            "image_id": "ami-6bb2d67c",
                            "instance_type": "m3.large",
                            "key_name": "geotrellis-cluster",
                            "name": "ECS IAAS_DEV",
                            "root_block_device.#": "0",
                            "security_groups.#": "0",
                            "spot_price": "",
                            "user_data": "bec34690e5986439d67b46f2758b144b7aa83822",
                            "vpc_classic_link_id": "",
                            "vpc_classic_link_security_groups.#": "0"
                        },
                        "meta": {},
                        "tainted": false
                    },
                    "deposed": [],
                    "provider": ""
                },
                "data.template_file.ecs_iaas_task": {
                    "type": "template_file",
                    "depends_on": [],
                    "primary": {
                        "id": "1b54d1c4fc43a32d2db302458503f261086f639643c9e963cbf6d541c3f95c49",
                        "attributes": {
                            "id": "1b54d1c4fc43a32d2db302458503f261086f639643c9e963cbf6d541c3f95c49",
                            "rendered": "[\n    {\n        \"name\": \"interpolation-as-a-service\",\n        \"image\": \"quay.io/lossyrob/interpolation-as-a-service:latest\",\n        \"cpu\": 1024,\n        \"memory\": 3072,\n        \"essential\": true,\n        \"portMappings\": [\n            {\n                \"containerPort\": 7070,\n                \"hostPort\": 80\n            }\n        ]\n    }\n]\n",
                            "template": "[\n    {\n        \"name\": \"interpolation-as-a-service\",\n        \"image\": \"${image}\",\n        \"cpu\": 1024,\n        \"memory\": 3072,\n        \"essential\": true,\n        \"portMappings\": [\n            {\n                \"containerPort\": 7070,\n                \"hostPort\": 80\n            }\n        ]\n    }\n]\n",
                            "vars.%": "1",
                            "vars.image": "quay.io/lossyrob/interpolation-as-a-service:latest"
                        },
                        "meta": {},
                        "tainted": false
                    },
                    "deposed": [],
                    "provider": ""
                }
            },
            "depends_on": []
        }
    ]
}
